// !$*UTF8*$!
{
	archiveVersion = 1;
	classes = {
	};
	objectVersion = 77;
	objects = {

/* Begin PBXContainerItemProxy section */
		20243B192EEC180D00091A4E /* PBXContainerItemProxy */ = {
			isa = PBXContainerItemProxy;
			containerPortal = 20243B032EEC180A00091A4E /* Project object */;
			proxyType = 1;
			remoteGlobalIDString = 20243B0A2EEC180A00091A4E;
			remoteInfo = GOTCharacters;
		};
		20243B232EEC180D00091A4E /* PBXContainerItemProxy */ = {
			isa = PBXContainerItemProxy;
			containerPortal = 20243B032EEC180A00091A4E /* Project object */;
			proxyType = 1;
			remoteGlobalIDString = 20243B0A2EEC180A00091A4E;
			remoteInfo = GOTCharacters;
		};
/* End PBXContainerItemProxy section */

/* Begin PBXFileReference section */
		20243B0B2EEC180A00091A4E /* GOTCharacters.app */ = {isa = PBXFileReference; explicitFileType = wrapper.application; includeInIndex = 0; path = GOTCharacters.app; sourceTree = BUILT_PRODUCTS_DIR; };
		20243B182EEC180D00091A4E /* GOTCharactersTests.xctest */ = {isa = PBXFileReference; explicitFileType = wrapper.cfbundle; includeInIndex = 0; path = GOTCharactersTests.xctest; sourceTree = BUILT_PRODUCTS_DIR; };
		20243B222EEC180D00091A4E /* GOTCharactersUITests.xctest */ = {isa = PBXFileReference; explicitFileType = wrapper.cfbundle; includeInIndex = 0; path = GOTCharactersUITests.xctest; sourceTree = BUILT_PRODUCTS_DIR; };
/* End PBXFileReference section */

/* Begin PBXFileSystemSynchronizedBuildFileExceptionSet section */
		20243B422EEC1D4000091A4E /* Exceptions for "GOTCharacters" folder in "GOTCharactersTests" target */ = {
			isa = PBXFileSystemSynchronizedBuildFileExceptionSet;
			membershipExceptions = (
				Source/API/CharacterService.swift,
				Source/API/Models/GOTCharacterDTO.swift,
				Source/Models/GOTCharacter.swift,
			);
			target = 20243B172EEC180D00091A4E /* GOTCharactersTests */;
		};
		20243B4A2EEC238E00091A4E /* Exceptions for "GOTCharacters" folder in "GOTCharacters" target */ = {
			isa = PBXFileSystemSynchronizedBuildFileExceptionSet;
			membershipExceptions = (
				Info.plist,
			);
			target = 20243B0A2EEC180A00091A4E /* GOTCharacters */;
		};
/* End PBXFileSystemSynchronizedBuildFileExceptionSet section */

/* Begin PBXFileSystemSynchronizedRootGroup section */
		20243B0D2EEC180A00091A4E /* GOTCharacters */ = {
			isa = PBXFileSystemSynchronizedRootGroup;
			exceptions = (
				20243B4A2EEC238E00091A4E /* Exceptions for "GOTCharacters" folder in "GOTCharacters" target */,
				20243B422EEC1D4000091A4E /* Exceptions for "GOTCharacters" folder in "GOTCharactersTests" target */,
			);
			path = GOTCharacters;
			sourceTree = "<group>";
		};
		20243B1B2EEC180D00091A4E /* GOTCharactersTests */ = {
			isa = PBXFileSystemSynchronizedRootGroup;
			path = GOTCharactersTests;
			sourceTree = "<group>";
		};
		20243B252EEC180D00091A4E /* GOTCharactersUITests */ = {
			isa = PBXFileSystemSynchronizedRootGroup;
			path = GOTCharactersUITests;
			sourceTree = "<group>";
		};
/* End PBXFileSystemSynchronizedRootGroup section */

/* Begin PBXFrameworksBuildPhase section */
		20243B082EEC180A00091A4E /* Frameworks */ = {
			isa = PBXFrameworksBuildPhase;
			buildActionMask = 2147483647;
			files = (
			);
			runOnlyForDeploymentPostprocessing = 0;
		};
		20243B152EEC180D00091A4E /* Frameworks */ = {
			isa = PBXFrameworksBuildPhase;
			buildActionMask = 2147483647;
			files = (
			);
			runOnlyForDeploymentPostprocessing = 0;
		};
		20243B1F2EEC180D00091A4E /* Frameworks */ = {
			isa = PBXFrameworksBuildPhase;
			buildActionMask = 2147483647;
			files = (
			);
			runOnlyForDeploymentPostprocessing = 0;
		};
/* End PBXFrameworksBuildPhase section */

/* Begin PBXGroup section */
		20243B022EEC180A00091A4E = {
			isa = PBXGroup;
			children = (
				20243B0D2EEC180A00091A4E /* GOTCharacters */,
				20243B1B2EEC180D00091A4E /* GOTCharactersTests */,
				20243B252EEC180D00091A4E /* GOTCharactersUITests */,
				20243B0C2EEC180A00091A4E /* Products */,
			);
			sourceTree = "<group>";
		};
		20243B0C2EEC180A00091A4E /* Products */ = {
			isa = PBXGroup;
			children = (
				20243B0B2EEC180A00091A4E /* GOTCharacters.app */,
				20243B182EEC180D00091A4E /* GOTCharactersTests.xctest */,
				20243B222EEC180D00091A4E /* GOTCharactersUITests.xctest */,
			);
			name = Products;
			sourceTree = "<group>";
		};
/* End PBXGroup section */

/* Begin PBXNativeTarget section */
		20243B0A2EEC180A00091A4E /* GOTCharacters */ = {
			isa = PBXNativeTarget;
			buildConfigurationList = 20243B2C2EEC180D00091A4E /* Build configuration list for PBXNativeTarget "GOTCharacters" */;
			buildPhases = (
				20243B072EEC180A00091A4E /* Sources */,
				20243B082EEC180A00091A4E /* Frameworks */,
				20243B092EEC180A00091A4E /* Resources */,
			);
			buildRules = (
			);
			dependencies = (
			);
			fileSystemSynchronizedGroups = (
				20243B0D2EEC180A00091A4E /* GOTCharacters */,
			);
			name = GOTCharacters;
			packageProductDependencies = (
			);
			productName = GOTCharacters;
			productReference = 20243B0B2EEC180A00091A4E /* GOTCharacters.app */;
			productType = "com.apple.product-type.application";
		};
		20243B172EEC180D00091A4E /* GOTCharactersTests */ = {
			isa = PBXNativeTarget;
			buildConfigurationList = 20243B2F2EEC180D00091A4E /* Build configuration list for PBXNativeTarget "GOTCharactersTests" */;
			buildPhases = (
				20243B142EEC180D00091A4E /* Sources */,
				20243B152EEC180D00091A4E /* Frameworks */,
				20243B162EEC180D00091A4E /* Resources */,
			);
			buildRules = (
			);
			dependencies = (
				20243B1A2EEC180D00091A4E /* PBXTargetDependency */,
			);
			fileSystemSynchronizedGroups = (
				20243B1B2EEC180D00091A4E /* GOTCharactersTests */,
			);
			name = GOTCharactersTests;
			packageProductDependencies = (
			);
			productName = GOTCharactersTests;
			productReference = 20243B182EEC180D00091A4E /* GOTCharactersTests.xctest */;
			productType = "com.apple.product-type.bundle.unit-test";
		};
		20243B212EEC180D00091A4E /* GOTCharactersUITests */ = {
			isa = PBXNativeTarget;
			buildConfigurationList = 20243B322EEC180D00091A4E /* Build configuration list for PBXNativeTarget "GOTCharactersUITests" */;
			buildPhases = (
				20243B1E2EEC180D00091A4E /* Sources */,
				20243B1F2EEC180D00091A4E /* Frameworks */,
				20243B202EEC180D00091A4E /* Resources */,
			);
			buildRules = (
			);
			dependencies = (
				20243B242EEC180D00091A4E /* PBXTargetDependency */,
			);
			fileSystemSynchronizedGroups = (
				20243B252EEC180D00091A4E /* GOTCharactersUITests */,
			);
			name = GOTCharactersUITests;
			packageProductDependencies = (
			);
			productName = GOTCharactersUITests;
			productReference = 20243B222EEC180D00091A4E /* GOTCharactersUITests.xctest */;
			productType = "com.apple.product-type.bundle.ui-testing";
		};
/* End PBXNativeTarget section */

/* Begin PBXProject section */
		20243B032EEC180A00091A4E /* Project object */ = {
			isa = PBXProject;
			attributes = {
				BuildIndependentTargetsInParallel = 1;
				LastSwiftUpdateCheck = 2610;
				LastUpgradeCheck = 2610;
				TargetAttributes = {
					20243B0A2EEC180A00091A4E = {
						CreatedOnToolsVersion = 26.1.1;
					};
					20243B172EEC180D00091A4E = {
						CreatedOnToolsVersion = 26.1.1;
						TestTargetID = 20243B0A2EEC180A00091A4E;
					};
					20243B212EEC180D00091A4E = {
						CreatedOnToolsVersion = 26.1.1;
						TestTargetID = 20243B0A2EEC180A00091A4E;
					};
				};
			};
			buildConfigurationList = 20243B062EEC180A00091A4E /* Build configuration list for PBXProject "GOTCharacters" */;
			developmentRegion = en;
			hasScannedForEncodings = 0;
			knownRegions = (
				en,
				Base,
			);
			mainGroup = 20243B022EEC180A00091A4E;
			minimizedProjectReferenceProxies = 1;
			preferredProjectObjectVersion = 77;
			productRefGroup = 20243B0C2EEC180A00091A4E /* Products */;
			projectDirPath = "";
			projectRoot = "";
			targets = (
				20243B0A2EEC180A00091A4E /* GOTCharacters */,
				20243B172EEC180D00091A4E /* GOTCharactersTests */,
				20243B212EEC180D00091A4E /* GOTCharactersUITests */,
			);
		};
/* End PBXProject section */

/* Begin PBXResourcesBuildPhase section */
		20243B092EEC180A00091A4E /* Resources */ = {
			isa = PBXResourcesBuildPhase;
			buildActionMask = 2147483647;
			files = (
			);
			runOnlyForDeploymentPostprocessing = 0;
		};
		20243B162EEC180D00091A4E /* Resources */ = {
			isa = PBXResourcesBuildPhase;
			buildActionMask = 2147483647;
			files = (
			);
			runOnlyForDeploymentPostprocessing = 0;
		};
		20243B202EEC180D00091A4E /* Resources */ = {
			isa = PBXResourcesBuildPhase;
			buildActionMask = 2147483647;
			files = (
			);
			runOnlyForDeploymentPostprocessing = 0;
		};
/* End PBXResourcesBuildPhase section */

/* Begin PBXSourcesBuildPhase section */
		20243B072EEC180A00091A4E /* Sources */ = {
			isa = PBXSourcesBuildPhase;
			buildActionMask = 2147483647;
			files = (
			);
			runOnlyForDeploymentPostprocessing = 0;
		};
		20243B142EEC180D00091A4E /* Sources */ = {
			isa = PBXSourcesBuildPhase;
			buildActionMask = 2147483647;
			files = (
			);
			runOnlyForDeploymentPostprocessing = 0;
		};
		20243B1E2EEC180D00091A4E /* Sources */ = {
			isa = PBXSourcesBuildPhase;
			buildActionMask = 2147483647;
			files = (
			);
			runOnlyForDeploymentPostprocessing = 0;
		};
/* End PBXSourcesBuildPhase section */

/* Begin PBXTargetDependency section */
		20243B1A2EEC180D00091A4E /* PBXTargetDependency */ = {
			isa = PBXTargetDependency;
			target = 20243B0A2EEC180A00091A4E /* GOTCharacters */;
			targetProxy = 20243B192EEC180D00091A4E /* PBXContainerItemProxy */;
		};
		20243B242EEC180D00091A4E /* PBXTargetDependency */ = {
			isa = PBXTargetDependency;
			target = 20243B0A2EEC180A00091A4E /* GOTCharacters */;
			targetProxy = 20243B232EEC180D00091A4E /* PBXContainerItemProxy */;
		};
/* End PBXTargetDependency section */

/* Begin XCBuildConfiguration section */
		20243B2A2EEC180D00091A4E /* Debug */ = {
			isa = XCBuildConfiguration;
			baseConfigurationReferenceAnchor = 20243B0D2EEC180A00091A4E /* GOTCharacters */;
			baseConfigurationReferenceRelativePath = Config/Secrets.xcconfig;
			buildSettings = {
				ALWAYS_SEARCH_USER_PATHS = NO;
				ASSETCATALOG_COMPILER_GENERATE_SWIFT_ASSET_SYMBOL_EXTENSIONS = YES;
				CLANG_ANALYZER_NONNULL = YES;
				CLANG_ANALYZER_NUMBER_OBJECT_CONVERSION = YES_AGGRESSIVE;
				CLANG_CXX_LANGUAGE_STANDARD = "gnu++20";
				CLANG_ENABLE_MODULES = YES;
				CLANG_ENABLE_OBJC_ARC = YES;
				CLANG_ENABLE_OBJC_WEAK = YES;
				CLANG_WARN_BLOCK_CAPTURE_AUTORELEASING = YES;
				CLANG_WARN_BOOL_CONVERSION = YES;
				CLANG_WARN_COMMA = YES;
				CLANG_WARN_CONSTANT_CONVERSION = YES;
				CLANG_WARN_DEPRECATED_OBJC_IMPLEMENTATIONS = YES;
				CLANG_WARN_DIRECT_OBJC_ISA_USAGE = YES_ERROR;
				CLANG_WARN_DOCUMENTATION_COMMENTS = YES;
				CLANG_WARN_EMPTY_BODY = YES;
				CLANG_WARN_ENUM_CONVERSION = YES;
				CLANG_WARN_INFINITE_RECURSION = YES;
				CLANG_WARN_INT_CONVERSION = YES;
				CLANG_WARN_NON_LITERAL_NULL_CONVERSION = YES;
				CLANG_WARN_OBJC_IMPLICIT_RETAIN_SELF = YES;
				CLANG_WARN_OBJC_LITERAL_CONVERSION = YES;
				CLANG_WARN_OBJC_ROOT_CLASS = YES_ERROR;
				CLANG_WARN_QUOTED_INCLUDE_IN_FRAMEWORK_HEADER = YES;
				CLANG_WARN_RANGE_LOOP_ANALYSIS = YES;
				CLANG_WARN_STRICT_PROTOTYPES = YES;
				CLANG_WARN_SUSPICIOUS_MOVE = YES;
				CLANG_WARN_UNGUARDED_AVAILABILITY = YES_AGGRESSIVE;
				CLANG_WARN_UNREACHABLE_CODE = YES;
				CLANG_WARN__DUPLICATE_METHOD_MATCH = YES;
				COPY_PHASE_STRIP = NO;
				DEBUG_INFORMATION_FORMAT = dwarf;
				DEVELOPMENT_TEAM = 94A6U4CABB;
				ENABLE_STRICT_OBJC_MSGSEND = YES;
				ENABLE_TESTABILITY = YES;
				ENABLE_USER_SCRIPT_SANDBOXING = YES;
				GCC_C_LANGUAGE_STANDARD = gnu17;
				GCC_DYNAMIC_NO_PIC = NO;
				GCC_NO_COMMON_BLOCKS = YES;
				GCC_OPTIMIZATION_LEVEL = 0;
				GCC_PREPROCESSOR_DEFINITIONS = (
					"DEBUG=1",
					"$(inherited)",
				);
				GCC_WARN_64_TO_32_BIT_CONVERSION = YES;
				GCC_WARN_ABOUT_RETURN_TYPE = YES_ERROR;
				GCC_WARN_UNDECLARED_SELECTOR = YES;
				GCC_WARN_UNINITIALIZED_AUTOS = YES_AGGRESSIVE;
				GCC_WARN_UNUSED_FUNCTION = YES;
				GCC_WARN_UNUSED_VARIABLE = YES;
				IPHONEOS_DEPLOYMENT_TARGET = 26.1;
				LOCALIZATION_PREFERS_STRING_CATALOGS = YES;
				MTL_ENABLE_DEBUG_INFO = INCLUDE_SOURCE;
				MTL_FAST_MATH = YES;
				ONLY_ACTIVE_ARCH = YES;
				SDKROOT = iphoneos;
				SWIFT_ACTIVE_COMPILATION_CONDITIONS = "DEBUG $(inherited)";
				SWIFT_OPTIMIZATION_LEVEL = "-Onone";
			};
			name = Debug;
		};
		20243B2B2EEC180D00091A4E /* Release */ = {
			isa = XCBuildConfiguration;
			baseConfigurationReferenceAnchor = 20243B0D2EEC180A00091A4E /* GOTCharacters */;
			baseConfigurationReferenceRelativePath = Config/Secrets.xcconfig;
			buildSettings = {
				ALWAYS_SEARCH_USER_PATHS = NO;
				ASSETCATALOG_COMPILER_GENERATE_SWIFT_ASSET_SYMBOL_EXTENSIONS = YES;
				CLANG_ANALYZER_NONNULL = YES;
				CLANG_ANALYZER_NUMBER_OBJECT_CONVERSION = YES_AGGRESSIVE;
				CLANG_CXX_LANGUAGE_STANDARD = "gnu++20";
				CLANG_ENABLE_MODULES = YES;
				CLANG_ENABLE_OBJC_ARC = YES;
				CLANG_ENABLE_OBJC_WEAK = YES;
				CLANG_WARN_BLOCK_CAPTURE_AUTORELEASING = YES;
				CLANG_WARN_BOOL_CONVERSION = YES;
				CLANG_WARN_COMMA = YES;
				CLANG_WARN_CONSTANT_CONVERSION = YES;
				CLANG_WARN_DEPRECATED_OBJC_IMPLEMENTATIONS = YES;
				CLANG_WARN_DIRECT_OBJC_ISA_USAGE = YES_ERROR;
				CLANG_WARN_DOCUMENTATION_COMMENTS = YES;
				CLANG_WARN_EMPTY_BODY = YES;
				CLANG_WARN_ENUM_CONVERSION = YES;
				CLANG_WARN_INFINITE_RECURSION = YES;
				CLANG_WARN_INT_CONVERSION = YES;
				CLANG_WARN_NON_LITERAL_NULL_CONVERSION = YES;
				CLANG_WARN_OBJC_IMPLICIT_RETAIN_SELF = YES;
				CLANG_WARN_OBJC_LITERAL_CONVERSION = YES;
				CLANG_WARN_OBJC_ROOT_CLASS = YES_ERROR;
				CLANG_WARN_QUOTED_INCLUDE_IN_FRAMEWORK_HEADER = YES;
				CLANG_WARN_RANGE_LOOP_ANALYSIS = YES;
				CLANG_WARN_STRICT_PROTOTYPES = YES;
				CLANG_WARN_SUSPICIOUS_MOVE = YES;
				CLANG_WARN_UNGUARDED_AVAILABILITY = YES_AGGRESSIVE;
				CLANG_WARN_UNREACHABLE_CODE = YES;
				CLANG_WARN__DUPLICATE_METHOD_MATCH = YES;
				COPY_PHASE_STRIP = NO;
				DEBUG_INFORMATION_FORMAT = "dwarf-with-dsym";
				DEVELOPMENT_TEAM = 94A6U4CABB;
				ENABLE_NS_ASSERTIONS = NO;
				ENABLE_STRICT_OBJC_MSGSEND = YES;
				ENABLE_USER_SCRIPT_SANDBOXING = YES;
				GCC_C_LANGUAGE_STANDARD = gnu17;
				GCC_NO_COMMON_BLOCKS = YES;
				GCC_WARN_64_TO_32_BIT_CONVERSION = YES;
				GCC_WARN_ABOUT_RETURN_TYPE = YES_ERROR;
				GCC_WARN_UNDECLARED_SELECTOR = YES;
				GCC_WARN_UNINITIALIZED_AUTOS = YES_AGGRESSIVE;
				GCC_WARN_UNUSED_FUNCTION = YES;
				GCC_WARN_UNUSED_VARIABLE = YES;
				IPHONEOS_DEPLOYMENT_TARGET = 26.1;
				LOCALIZATION_PREFERS_STRING_CATALOGS = YES;
				MTL_ENABLE_DEBUG_INFO = NO;
				MTL_FAST_MATH = YES;
				SDKROOT = iphoneos;
				SWIFT_COMPILATION_MODE = wholemodule;
				VALIDATE_PRODUCT = YES;
			};
			name = Release;
		};
		20243B2D2EEC180D00091A4E /* Debug */ = {
			isa = XCBuildConfiguration;
			buildSettings = {
				ASSETCATALOG_COMPILER_APPICON_NAME = AppIcon;
				ASSETCATALOG_COMPILER_GLOBAL_ACCENT_COLOR_NAME = AccentColor;
				CODE_SIGN_STYLE = Automatic;
				CURRENT_PROJECT_VERSION = 1;
				DEVELOPMENT_TEAM = 94A6U4CABB;
				ENABLE_PREVIEWS = YES;
				GENERATE_INFOPLIST_FILE = YES;
				INFOPLIST_FILE = GOTCharacters/Info.plist;
				INFOPLIST_KEY_UIApplicationSceneManifest_Generation = YES;
				INFOPLIST_KEY_UIApplicationSupportsIndirectInputEvents = YES;
				INFOPLIST_KEY_UILaunchScreen_Generation = YES;
				INFOPLIST_KEY_UISupportedInterfaceOrientations_iPad = "UIInterfaceOrientationPortrait UIInterfaceOrientationPortraitUpsideDown UIInterfaceOrientationLandscapeLeft UIInterfaceOrientationLandscapeRight";
				INFOPLIST_KEY_UISupportedInterfaceOrientations_iPhone = "UIInterfaceOrientationPortrait UIInterfaceOrientationLandscapeLeft UIInterfaceOrientationLandscapeRight";
				LD_RUNPATH_SEARCH_PATHS = (
					"$(inherited)",
					"@executable_path/Frameworks",
				);
				MARKETING_VERSION = 1.0;
				PRODUCT_BUNDLE_IDENTIFIER = com.stuwelsh.GOTCharacters;
				PRODUCT_NAME = "$(TARGET_NAME)";
				STRING_CATALOG_GENERATE_SYMBOLS = YES;
				SWIFT_APPROACHABLE_CONCURRENCY = YES;
				SWIFT_DEFAULT_ACTOR_ISOLATION = MainActor;
				SWIFT_EMIT_LOC_STRINGS = YES;
				SWIFT_UPCOMING_FEATURE_MEMBER_IMPORT_VISIBILITY = YES;
				SWIFT_VERSION = 5.0;
				TARGETED_DEVICE_FAMILY = "1,2";
			};
			name = Debug;
		};
		20243B2E2EEC180D00091A4E /* Release */ = {
			isa = XCBuildConfiguration;
			buildSettings = {
				ASSETCATALOG_COMPILER_APPICON_NAME = AppIcon;
				ASSETCATALOG_COMPILER_GLOBAL_ACCENT_COLOR_NAME = AccentColor;
				CODE_SIGN_STYLE = Automatic;
				CURRENT_PROJECT_VERSION = 1;
				DEVELOPMENT_TEAM = 94A6U4CABB;
				ENABLE_PREVIEWS = YES;
				GENERATE_INFOPLIST_FILE = YES;
				INFOPLIST_FILE = GOTCharacters/Info.plist;
				INFOPLIST_KEY_UIApplicationSceneManifest_Generation = YES;
				INFOPLIST_KEY_UIApplicationSupportsIndirectInputEvents = YES;
				INFOPLIST_KEY_UILaunchScreen_Generation = YES;
				INFOPLIST_KEY_UISupportedInterfaceOrientations_iPad = "UIInterfaceOrientationPortrait UIInterfaceOrientationPortraitUpsideDown UIInterfaceOrientationLandscapeLeft UIInterfaceOrientationLandscapeRight";
				INFOPLIST_KEY_UISupportedInterfaceOrientations_iPhone = "UIInterfaceOrientationPortrait UIInterfaceOrientationLandscapeLeft UIInterfaceOrientationLandscapeRight";
				LD_RUNPATH_SEARCH_PATHS = (
					"$(inherited)",
					"@executable_path/Frameworks",
				);
				MARKETING_VERSION = 1.0;
				PRODUCT_BUNDLE_IDENTIFIER = com.stuwelsh.GOTCharacters;
				PRODUCT_NAME = "$(TARGET_NAME)";
				STRING_CATALOG_GENERATE_SYMBOLS = YES;
				SWIFT_APPROACHABLE_CONCURRENCY = YES;
				SWIFT_DEFAULT_ACTOR_ISOLATION = MainActor;
				SWIFT_EMIT_LOC_STRINGS = YES;
				SWIFT_UPCOMING_FEATURE_MEMBER_IMPORT_VISIBILITY = YES;
				SWIFT_VERSION = 5.0;
				TARGETED_DEVICE_FAMILY = "1,2";
			};
			name = Release;
		};
		20243B302EEC180D00091A4E /* Debug */ = {
			isa = XCBuildConfiguration;
			buildSettings = {
				BUNDLE_LOADER = "$(TEST_HOST)";
				CODE_SIGN_STYLE = Automatic;
				CURRENT_PROJECT_VERSION = 1;
				DEVELOPMENT_TEAM = 94A6U4CABB;
				GENERATE_INFOPLIST_FILE = YES;
				IPHONEOS_DEPLOYMENT_TARGET = 26.1;
				MARKETING_VERSION = 1.0;
				PRODUCT_BUNDLE_IDENTIFIER = com.stuwelsh.GOTCharactersTests;
				PRODUCT_NAME = "$(TARGET_NAME)";
				STRING_CATALOG_GENERATE_SYMBOLS = NO;
				SWIFT_APPROACHABLE_CONCURRENCY = YES;
				SWIFT_EMIT_LOC_STRINGS = NO;
				SWIFT_UPCOMING_FEATURE_MEMBER_IMPORT_VISIBILITY = YES;
				SWIFT_VERSION = 5.0;
				TARGETED_DEVICE_FAMILY = "1,2";
				TEST_HOST = "$(BUILT_PRODUCTS_DIR)/GOTCharacters.app/$(BUNDLE_EXECUTABLE_FOLDER_PATH)/GOTCharacters";
			};
			name = Debug;
		};
		20243B312EEC180D00091A4E /* Release */ = {
			isa = XCBuildConfiguration;
			buildSettings = {
				BUNDLE_LOADER = "$(TEST_HOST)";
				CODE_SIGN_STYLE = Automatic;
				CURRENT_PROJECT_VERSION = 1;
				DEVELOPMENT_TEAM = 94A6U4CABB;
				GENERATE_INFOPLIST_FILE = YES;
				IPHONEOS_DEPLOYMENT_TARGET = 26.1;
				MARKETING_VERSION = 1.0;
				PRODUCT_BUNDLE_IDENTIFIER = com.stuwelsh.GOTCharactersTests;
				PRODUCT_NAME = "$(TARGET_NAME)";
				STRING_CATALOG_GENERATE_SYMBOLS = NO;
				SWIFT_APPROACHABLE_CONCURRENCY = YES;
				SWIFT_EMIT_LOC_STRINGS = NO;
				SWIFT_UPCOMING_FEATURE_MEMBER_IMPORT_VISIBILITY = YES;
				SWIFT_VERSION = 5.0;
				TARGETED_DEVICE_FAMILY = "1,2";
				TEST_HOST = "$(BUILT_PRODUCTS_DIR)/GOTCharacters.app/$(BUNDLE_EXECUTABLE_FOLDER_PATH)/GOTCharacters";
			};
			name = Release;
		};
		20243B332EEC180D00091A4E /* Debug */ = {
			isa = XCBuildConfiguration;
			buildSettings = {
				CODE_SIGN_STYLE = Automatic;
				CURRENT_PROJECT_VERSION = 1;
				DEVELOPMENT_TEAM = 94A6U4CABB;
				GENERATE_INFOPLIST_FILE = YES;
				MARKETING_VERSION = 1.0;
				PRODUCT_BUNDLE_IDENTIFIER = com.stuwelsh.GOTCharactersUITests;
				PRODUCT_NAME = "$(TARGET_NAME)";
				STRING_CATALOG_GENERATE_SYMBOLS = NO;
				SWIFT_APPROACHABLE_CONCURRENCY = YES;
				SWIFT_EMIT_LOC_STRINGS = NO;
				SWIFT_UPCOMING_FEATURE_MEMBER_IMPORT_VISIBILITY = YES;
				SWIFT_VERSION = 5.0;
				TARGETED_DEVICE_FAMILY = "1,2";
				TEST_TARGET_NAME = GOTCharacters;
			};
			name = Debug;
		};
		20243B342EEC180D00091A4E /* Release */ = {
			isa = XCBuildConfiguration;
			buildSettings = {
				CODE_SIGN_STYLE = Automatic;
				CURRENT_PROJECT_VERSION = 1;
				DEVELOPMENT_TEAM = 94A6U4CABB;
				GENERATE_INFOPLIST_FILE = YES;
				MARKETING_VERSION = 1.0;
				PRODUCT_BUNDLE_IDENTIFIER = com.stuwelsh.GOTCharactersUITests;
				PRODUCT_NAME = "$(TARGET_NAME)";
				STRING_CATALOG_GENERATE_SYMBOLS = NO;
				SWIFT_APPROACHABLE_CONCURRENCY = YES;
				SWIFT_EMIT_LOC_STRINGS = NO;
				SWIFT_UPCOMING_FEATURE_MEMBER_IMPORT_VISIBILITY = YES;
				SWIFT_VERSION = 5.0;
				TARGETED_DEVICE_FAMILY = "1,2";
				TEST_TARGET_NAME = GOTCharacters;
			};
			name = Release;
		};
/* End XCBuildConfiguration section */

/* Begin XCConfigurationList section */
		20243B062EEC180A00091A4E /* Build configuration list for PBXProject "GOTCharacters" */ = {
			isa = XCConfigurationList;
			buildConfigurations = (
				20243B2A2EEC180D00091A4E /* Debug */,
				20243B2B2EEC180D00091A4E /* Release */,
			);
			defaultConfigurationIsVisible = 0;
			defaultConfigurationName = Release;
		};
		20243B2C2EEC180D00091A4E /* Build configuration list for PBXNativeTarget "GOTCharacters" */ = {
			isa = XCConfigurationList;
			buildConfigurations = (
				20243B2D2EEC180D00091A4E /* Debug */,
				20243B2E2EEC180D00091A4E /* Release */,
			);
			defaultConfigurationIsVisible = 0;
			defaultConfigurationName = Release;
		};
		20243B2F2EEC180D00091A4E /* Build configuration list for PBXNativeTarget "GOTCharactersTests" */ = {
			isa = XCConfigurationList;
			buildConfigurations = (
				20243B302EEC180D00091A4E /* Debug */,
				20243B312EEC180D00091A4E /* Release */,
			);
			defaultConfigurationIsVisible = 0;
			defaultConfigurationName = Release;
		};
		20243B322EEC180D00091A4E /* Build configuration list for PBXNativeTarget "GOTCharactersUITests" */ = {
			isa = XCConfigurationList;
			buildConfigurations = (
				20243B332EEC180D00091A4E /* Debug */,
				20243B342EEC180D00091A4E /* Release */,
			);
			defaultConfigurationIsVisible = 0;
			defaultConfigurationName = Release;
		};
/* End XCConfigurationList section */
	};
	rootObject = 20243B032EEC180A00091A4E /* Project object */;
}
